
Microsoft Visual Studio Solution File, Format Version 12.00
# Visual Studio Version 16
VisualStudioVersion = 16.0.30621.155
MinimumVisualStudioVersion = 10.0.40219.1
Project("{FAE04EC0-301F-11D3-BF4B-00C04F79EFBC}") = "Moving Zeros To The End (5 kyu)", "Moving Zeros To The End (5 kyu)\Moving Zeros To The End (5 kyu).csproj", "{73298B13-CEA9-451A-88B8-BA15B1D4C28B}"
EndProject
Global
	GlobalSection(SolutionConfigurationPlatforms) = preSolution
		Debug|Any CPU = Debug|Any CPU
		Release|Any CPU = Release|Any CPU
	EndGlobalSection
	GlobalSection(ProjectConfigurationPlatforms) = postSolution
		{73298B13-CEA9-451A-88B8-BA15B1D4C28B}.Debug|Any CPU.ActiveCfg = Debug|Any CPU
		{73298B13-CEA9-451A-88B8-BA15B1D4C28B}.Debug|Any CPU.Build.0 = Debug|Any CPU
		{73298B13-CEA9-451A-88B8-BA15B1D4C28B}.Release|Any CPU.ActiveCfg = Release|Any CPU
		{73298B13-CEA9-451A-88B8-BA15B1D4C28B}.Release|Any CPU.Build.0 = Release|Any CPU
	EndGlobalSection
	GlobalSection(SolutionProperties) = preSolution
		HideSolutionNode = FALSE
	EndGlobalSection
	GlobalSection(ExtensibilityGlobals) = postSolution
		SolutionGuid = {98517F65-EB3E-4881-BC89-AFB90551393E}
	EndGlobalSection
EndGlobal
